
Microsoft Visual Studio Solution File, Format Version 12.00
# Visual Studio Version 17
VisualStudioVersion = 17.8.34330.188
MinimumVisualStudioVersion = 10.0.40219.1
Project("{FAE04EC0-301F-11D3-BF4B-00C04F79EFBC}") = "0325", "0325\0325.csproj", "{01BC1218-6EF1-4429-AC73-238C66E71DEA}"
EndProject
Global
	GlobalSection(SolutionConfigurationPlatforms) = preSolution
		Debug|Any CPU = Debug|Any CPU
		Release|Any CPU = Release|Any CPU
	EndGlobalSection
	GlobalSection(ProjectConfigurationPlatforms) = postSolution
		{01BC1218-6EF1-4429-AC73-238C66E71DEA}.Debug|Any CPU.ActiveCfg = Debug|Any CPU
		{01BC1218-6EF1-4429-AC73-238C66E71DEA}.Debug|Any CPU.Build.0 = Debug|Any CPU
		{01BC1218-6EF1-4429-AC73-238C66E71DEA}.Release|Any CPU.ActiveCfg = Release|Any CPU
		{01BC1218-6EF1-4429-AC73-238C66E71DEA}.Release|Any CPU.Build.0 = Release|Any CPU
	EndGlobalSection
	GlobalSection(SolutionProperties) = preSolution
		HideSolutionNode = FALSE
	EndGlobalSection
	GlobalSection(ExtensibilityGlobals) = postSolution
		SolutionGuid = {72773384-7320-4869-8EB9-41EEDB12C1F7}
	EndGlobalSection
EndGlobal
