
Microsoft Visual Studio Solution File, Format Version 12.00
# Visual Studio Version 17
VisualStudioVersion = 17.8.34330.188
MinimumVisualStudioVersion = 10.0.40219.1
Project("{FAE04EC0-301F-11D3-BF4B-00C04F79EFBC}") = "0324", "0324\0324.csproj", "{523E27BF-1340-4BB0-B480-0A5F5E1EADF6}"
EndProject
Global
	GlobalSection(SolutionConfigurationPlatforms) = preSolution
		Debug|Any CPU = Debug|Any CPU
		Release|Any CPU = Release|Any CPU
	EndGlobalSection
	GlobalSection(ProjectConfigurationPlatforms) = postSolution
		{523E27BF-1340-4BB0-B480-0A5F5E1EADF6}.Debug|Any CPU.ActiveCfg = Debug|Any CPU
		{523E27BF-1340-4BB0-B480-0A5F5E1EADF6}.Debug|Any CPU.Build.0 = Debug|Any CPU
		{523E27BF-1340-4BB0-B480-0A5F5E1EADF6}.Release|Any CPU.ActiveCfg = Release|Any CPU
		{523E27BF-1340-4BB0-B480-0A5F5E1EADF6}.Release|Any CPU.Build.0 = Release|Any CPU
	EndGlobalSection
	GlobalSection(SolutionProperties) = preSolution
		HideSolutionNode = FALSE
	EndGlobalSection
	GlobalSection(ExtensibilityGlobals) = postSolution
		SolutionGuid = {3156151D-62DB-401D-A040-8F31ACDDEACB}
	EndGlobalSection
EndGlobal
