
Microsoft Visual Studio Solution File, Format Version 12.00
# Visual Studio Version 17
VisualStudioVersion = 17.8.34330.188
MinimumVisualStudioVersion = 10.0.40219.1
Project("{FAE04EC0-301F-11D3-BF4B-00C04F79EFBC}") = "0409", "0409\0409.csproj", "{D696D875-136E-4112-9633-528E3E2E97A0}"
EndProject
Global
	GlobalSection(SolutionConfigurationPlatforms) = preSolution
		Debug|Any CPU = Debug|Any CPU
		Release|Any CPU = Release|Any CPU
	EndGlobalSection
	GlobalSection(ProjectConfigurationPlatforms) = postSolution
		{D696D875-136E-4112-9633-528E3E2E97A0}.Debug|Any CPU.ActiveCfg = Debug|Any CPU
		{D696D875-136E-4112-9633-528E3E2E97A0}.Debug|Any CPU.Build.0 = Debug|Any CPU
		{D696D875-136E-4112-9633-528E3E2E97A0}.Release|Any CPU.ActiveCfg = Release|Any CPU
		{D696D875-136E-4112-9633-528E3E2E97A0}.Release|Any CPU.Build.0 = Release|Any CPU
	EndGlobalSection
	GlobalSection(SolutionProperties) = preSolution
		HideSolutionNode = FALSE
	EndGlobalSection
	GlobalSection(ExtensibilityGlobals) = postSolution
		SolutionGuid = {FA2841CD-FC89-4496-91F1-09E1595C77C3}
	EndGlobalSection
EndGlobal
